
Microsoft Visual Studio Solution File, Format Version 12.00
# Visual Studio 2012
Project("{FAE04EC0-301F-11D3-BF4B-00C04F79EFBC}") = "01School", "School\01School.csproj", "{802ED7F2-5978-426C-8E56-86CC40B43BC6}"
EndProject
Project("{FAE04EC0-301F-11D3-BF4B-00C04F79EFBC}") = "02HumanStudentWorker", "HumanStudentWorker\02HumanStudentWorker.csproj", "{B4306091-789B-4A5A-A1D7-CAA9822AE218}"
EndProject
Project("{FAE04EC0-301F-11D3-BF4B-00C04F79EFBC}") = "03Animals", "Animals\03Animals.csproj", "{EDDA0980-8A3B-4565-A1E0-9430BF94F023}"
EndProject
Global
	GlobalSection(SolutionConfigurationPlatforms) = preSolution
		Debug|Any CPU = Debug|Any CPU
		Release|Any CPU = Release|Any CPU
	EndGlobalSection
	GlobalSection(ProjectConfigurationPlatforms) = postSolution
		{802ED7F2-5978-426C-8E56-86CC40B43BC6}.Debug|Any CPU.ActiveCfg = Debug|Any CPU
		{802ED7F2-5978-426C-8E56-86CC40B43BC6}.Debug|Any CPU.Build.0 = Debug|Any CPU
		{802ED7F2-5978-426C-8E56-86CC40B43BC6}.Release|Any CPU.ActiveCfg = Release|Any CPU
		{802ED7F2-5978-426C-8E56-86CC40B43BC6}.Release|Any CPU.Build.0 = Release|Any CPU
		{B4306091-789B-4A5A-A1D7-CAA9822AE218}.Debug|Any CPU.ActiveCfg = Debug|Any CPU
		{B4306091-789B-4A5A-A1D7-CAA9822AE218}.Debug|Any CPU.Build.0 = Debug|Any CPU
		{B4306091-789B-4A5A-A1D7-CAA9822AE218}.Release|Any CPU.ActiveCfg = Release|Any CPU
		{B4306091-789B-4A5A-A1D7-CAA9822AE218}.Release|Any CPU.Build.0 = Release|Any CPU
		{EDDA0980-8A3B-4565-A1E0-9430BF94F023}.Debug|Any CPU.ActiveCfg = Debug|Any CPU
		{EDDA0980-8A3B-4565-A1E0-9430BF94F023}.Debug|Any CPU.Build.0 = Debug|Any CPU
		{EDDA0980-8A3B-4565-A1E0-9430BF94F023}.Release|Any CPU.ActiveCfg = Release|Any CPU
		{EDDA0980-8A3B-4565-A1E0-9430BF94F023}.Release|Any CPU.Build.0 = Release|Any CPU
	EndGlobalSection
	GlobalSection(SolutionProperties) = preSolution
		HideSolutionNode = FALSE
	EndGlobalSection
EndGlobal
